// !$*UTF8*$!
{
	archiveVersion = 1;
	classes = {
	};
	objectVersion = 46;
	objects = {

/* Begin PBXBuildFile section */
		7445F1F919A1A8E60022808A /* libPods.a in Frameworks */ = {isa = PBXBuildFile; fileRef = 7445F1F819A1A8E60022808A /* libPods.a */; };
		7445F47C19A1D9CE0022808A /* AppDelegate.m in Sources */ = {isa = PBXBuildFile; fileRef = 7445F3F519A1D9CE0022808A /* AppDelegate.m */; };
		7445F47E19A1D9CE0022808A /* InfoPlist.strings in Resources */ = {isa = PBXBuildFile; fileRef = 7445F3FB19A1D9CE0022808A /* InfoPlist.strings */; };
		7445F47F19A1D9CE0022808A /* Images.xcassets in Resources */ = {isa = PBXBuildFile; fileRef = 7445F3FD19A1D9CE0022808A /* Images.xcassets */; };
		7445F4B419A1D9CE0022808A /* main.m in Sources */ = {isa = PBXBuildFile; fileRef = 7445F47319A1D9CE0022808A /* main.m */; };
		7445F4B519A1D9CE0022808A /* MainViewController.m in Sources */ = {isa = PBXBuildFile; fileRef = 7445F47519A1D9CE0022808A /* MainViewController.m */; };
		7445F4B619A1D9CE0022808A /* Constant.m in Sources */ = {isa = PBXBuildFile; fileRef = 7445F47819A1D9CE0022808A /* Constant.m */; };
		74474A0C19A5C9F50040961A /* NSData+SWHex.m in Sources */ = {isa = PBXBuildFile; fileRef = 74474A0619A5C9F50040961A /* NSData+SWHex.m */; };
		74474A0D19A5C9F50040961A /* NSNumber+SWHex.m in Sources */ = {isa = PBXBuildFile; fileRef = 74474A0819A5C9F50040961A /* NSNumber+SWHex.m */; };
		74474A0E19A5C9F50040961A /* NSString+SWHex.m in Sources */ = {isa = PBXBuildFile; fileRef = 74474A0A19A5C9F50040961A /* NSString+SWHex.m */; };
		74474A1419A5CA440040961A /* UIImage+SWImage.m in Sources */ = {isa = PBXBuildFile; fileRef = 74474A1219A5CA440040961A /* UIImage+SWImage.m */; };
		74474A1719A5CAB70040961A /* NSDate+Helper.m in Sources */ = {isa = PBXBuildFile; fileRef = 74474A1619A5CAB70040961A /* NSDate+Helper.m */; };
		74474A8719A5E9EC0040961A /* wax_CGTransform.m in Sources */ = {isa = PBXBuildFile; fileRef = 74474A1C19A5E9EC0040961A /* wax_CGTransform.m */; };
		74474A8819A5E9EC0040961A /* wax_CGContext.m in Sources */ = {isa = PBXBuildFile; fileRef = 74474A1F19A5E9EC0040961A /* wax_CGContext.m */; };
		74474A8919A5E9EC0040961A /* wax_filesystem.m in Sources */ = {isa = PBXBuildFile; fileRef = 74474A2219A5E9EC0040961A /* wax_filesystem.m */; };
		74474A8A19A5E9EC0040961A /* wax_http.m in Sources */ = {isa = PBXBuildFile; fileRef = 74474A2519A5E9EC0040961A /* wax_http.m */; };
		74474A8B19A5E9EC0040961A /* wax_http_connection.m in Sources */ = {isa = PBXBuildFile; fileRef = 74474A2719A5E9EC0040961A /* wax_http_connection.m */; };
		74474A8C19A5E9EC0040961A /* Rakefile in Resources */ = {isa = PBXBuildFile; fileRef = 74474A2919A5E9EC0040961A /* Rakefile */; };
		74474A8D19A5E9EC0040961A /* wax_json.c in Sources */ = {isa = PBXBuildFile; fileRef = 74474A2A19A5E9EC0040961A /* wax_json.c */; };
		74474A8E19A5E9EC0040961A /* yajl.c in Sources */ = {isa = PBXBuildFile; fileRef = 74474A3119A5E9EC0040961A /* yajl.c */; };
		74474A8F19A5E9EC0040961A /* yajl_alloc.c in Sources */ = {isa = PBXBuildFile; fileRef = 74474A3219A5E9EC0040961A /* yajl_alloc.c */; };
		74474A9019A5E9EC0040961A /* yajl_buf.c in Sources */ = {isa = PBXBuildFile; fileRef = 74474A3419A5E9EC0040961A /* yajl_buf.c */; };
		74474A9119A5E9EC0040961A /* yajl_encode.c in Sources */ = {isa = PBXBuildFile; fileRef = 74474A3819A5E9EC0040961A /* yajl_encode.c */; };
		74474A9219A5E9EC0040961A /* yajl_gen.c in Sources */ = {isa = PBXBuildFile; fileRef = 74474A3A19A5E9EC0040961A /* yajl_gen.c */; };
		74474A9319A5E9EC0040961A /* yajl_lex.c in Sources */ = {isa = PBXBuildFile; fileRef = 74474A3C19A5E9EC0040961A /* yajl_lex.c */; };
		74474A9419A5E9EC0040961A /* yajl_parser.c in Sources */ = {isa = PBXBuildFile; fileRef = 74474A3F19A5E9EC0040961A /* yajl_parser.c */; };
		74474A9519A5E9EC0040961A /* yajl-1.0.9.tar.gz in Resources */ = {isa = PBXBuildFile; fileRef = 74474A4119A5E9EC0040961A /* yajl-1.0.9.tar.gz */; };
		74474A9619A5E9EC0040961A /* lapi.c in Sources */ = {isa = PBXBuildFile; fileRef = 74474A4319A5E9EC0040961A /* lapi.c */; };
		74474A9719A5E9EC0040961A /* lauxlib.c in Sources */ = {isa = PBXBuildFile; fileRef = 74474A4519A5E9EC0040961A /* lauxlib.c */; };
		74474A9819A5E9EC0040961A /* lbaselib.c in Sources */ = {isa = PBXBuildFile; fileRef = 74474A4719A5E9EC0040961A /* lbaselib.c */; };
		74474A9919A5E9EC0040961A /* lcode.c in Sources */ = {isa = PBXBuildFile; fileRef = 74474A4819A5E9EC0040961A /* lcode.c */; };
		74474A9A19A5E9EC0040961A /* ldblib.c in Sources */ = {isa = PBXBuildFile; fileRef = 74474A4A19A5E9EC0040961A /* ldblib.c */; };
		74474A9B19A5E9EC0040961A /* ldebug.c in Sources */ = {isa = PBXBuildFile; fileRef = 74474A4B19A5E9EC0040961A /* ldebug.c */; };
		74474A9C19A5E9EC0040961A /* ldo.c in Sources */ = {isa = PBXBuildFile; fileRef = 74474A4D19A5E9EC0040961A /* ldo.c */; };
		74474A9D19A5E9EC0040961A /* ldump.c in Sources */ = {isa = PBXBuildFile; fileRef = 74474A4F19A5E9EC0040961A /* ldump.c */; };
		74474A9E19A5E9EC0040961A /* lfunc.c in Sources */ = {isa = PBXBuildFile; fileRef = 74474A5019A5E9EC0040961A /* lfunc.c */; };
		74474A9F19A5E9EC0040961A /* lgc.c in Sources */ = {isa = PBXBuildFile; fileRef = 74474A5219A5E9EC0040961A /* lgc.c */; };
		74474AA019A5E9EC0040961A /* linit.c in Sources */ = {isa = PBXBuildFile; fileRef = 74474A5419A5E9EC0040961A /* linit.c */; };
		74474AA119A5E9EC0040961A /* liolib.c in Sources */ = {isa = PBXBuildFile; fileRef = 74474A5519A5E9EC0040961A /* liolib.c */; };
		74474AA219A5E9EC0040961A /* llex.c in Sources */ = {isa = PBXBuildFile; fileRef = 74474A5619A5E9EC0040961A /* llex.c */; };
		74474AA319A5E9EC0040961A /* lmathlib.c in Sources */ = {isa = PBXBuildFile; fileRef = 74474A5919A5E9EC0040961A /* lmathlib.c */; };
		74474AA419A5E9EC0040961A /* lmem.c in Sources */ = {isa = PBXBuildFile; fileRef = 74474A5A19A5E9EC0040961A /* lmem.c */; };
		74474AA519A5E9EC0040961A /* loadlib.c in Sources */ = {isa = PBXBuildFile; fileRef = 74474A5C19A5E9EC0040961A /* loadlib.c */; };
		74474AA619A5E9EC0040961A /* lobject.c in Sources */ = {isa = PBXBuildFile; fileRef = 74474A5D19A5E9EC0040961A /* lobject.c */; };
		74474AA719A5E9EC0040961A /* lopcodes.c in Sources */ = {isa = PBXBuildFile; fileRef = 74474A5F19A5E9EC0040961A /* lopcodes.c */; };
		74474AA819A5E9EC0040961A /* loslib.c in Sources */ = {isa = PBXBuildFile; fileRef = 74474A6119A5E9EC0040961A /* loslib.c */; };
		74474AA919A5E9EC0040961A /* lparser.c in Sources */ = {isa = PBXBuildFile; fileRef = 74474A6219A5E9EC0040961A /* lparser.c */; };
		74474AAA19A5E9EC0040961A /* lstate.c in Sources */ = {isa = PBXBuildFile; fileRef = 74474A6419A5E9EC0040961A /* lstate.c */; };
		74474AAB19A5E9EC0040961A /* lstring.c in Sources */ = {isa = PBXBuildFile; fileRef = 74474A6619A5E9EC0040961A /* lstring.c */; };
		74474AAC19A5E9EC0040961A /* lstrlib.c in Sources */ = {isa = PBXBuildFile; fileRef = 74474A6819A5E9EC0040961A /* lstrlib.c */; };
		74474AAD19A5E9EC0040961A /* ltable.c in Sources */ = {isa = PBXBuildFile; fileRef = 74474A6919A5E9EC0040961A /* ltable.c */; };
		74474AAE19A5E9EC0040961A /* ltablib.c in Sources */ = {isa = PBXBuildFile; fileRef = 74474A6B19A5E9EC0040961A /* ltablib.c */; };
		74474AAF19A5E9EC0040961A /* ltm.c in Sources */ = {isa = PBXBuildFile; fileRef = 74474A6C19A5E9EC0040961A /* ltm.c */; };
		74474AB019A5E9EC0040961A /* lundump.c in Sources */ = {isa = PBXBuildFile; fileRef = 74474A7119A5E9EC0040961A /* lundump.c */; };
		74474AB119A5E9EC0040961A /* lvm.c in Sources */ = {isa = PBXBuildFile; fileRef = 74474A7319A5E9EC0040961A /* lvm.c */; };
		74474AB219A5E9EC0040961A /* lzio.c in Sources */ = {isa = PBXBuildFile; fileRef = 74474A7519A5E9EC0040961A /* lzio.c */; };
		74474AB319A5E9EC0040961A /* print.c in Sources */ = {isa = PBXBuildFile; fileRef = 74474A7719A5E9EC0040961A /* print.c */; };
		74474AB419A5E9EC0040961A /* wax.m in Sources */ = {isa = PBXBuildFile; fileRef = 74474A7919A5E9EC0040961A /* wax.m */; };
		74474AB519A5E9EC0040961A /* wax_class.m in Sources */ = {isa = PBXBuildFile; fileRef = 74474A7B19A5E9EC0040961A /* wax_class.m */; };
		74474AB619A5E9EC0040961A /* wax_gc.m in Sources */ = {isa = PBXBuildFile; fileRef = 74474A7D19A5E9EC0040961A /* wax_gc.m */; };
		74474AB719A5E9EC0040961A /* wax_helpers.m in Sources */ = {isa = PBXBuildFile; fileRef = 74474A7F19A5E9EC0040961A /* wax_helpers.m */; };
		74474AB819A5E9EC0040961A /* wax_instance.m in Sources */ = {isa = PBXBuildFile; fileRef = 74474A8119A5E9EC0040961A /* wax_instance.m */; };
		74474AB919A5E9EC0040961A /* wax_server.m in Sources */ = {isa = PBXBuildFile; fileRef = 74474A8319A5E9EC0040961A /* wax_server.m */; };
		74474ABA19A5E9EC0040961A /* wax_struct.m in Sources */ = {isa = PBXBuildFile; fileRef = 74474A8619A5E9EC0040961A /* wax_struct.m */; };
		74A8F3CD199DA23200315362 /* Default-568h@2x.png in Resources */ = {isa = PBXBuildFile; fileRef = 74A8F3CC199DA23200315362 /* Default-568h@2x.png */; };
		74BDBC82199DAB5A00529846 /* Podfile in Resources */ = {isa = PBXBuildFile; fileRef = 74BDBC81199DAB5A00529846 /* Podfile */; };
		FDEA8A5615CD1EBD0030B539 /* UIKit.framework in Frameworks */ = {isa = PBXBuildFile; fileRef = FDEA8A5515CD1EBD0030B539 /* UIKit.framework */; };
		FDEA8A5815CD1EBD0030B539 /* Foundation.framework in Frameworks */ = {isa = PBXBuildFile; fileRef = FDEA8A5715CD1EBD0030B539 /* Foundation.framework */; };
		FDEA8A5A15CD1EBD0030B539 /* CoreGraphics.framework in Frameworks */ = {isa = PBXBuildFile; fileRef = FDEA8A5915CD1EBD0030B539 /* CoreGraphics.framework */; };
		FDEA8BC315D0BF5D0030B539 /* libsqlite3.dylib in Frameworks */ = {isa = PBXBuildFile; fileRef = FDEA8BC215D0BF5D0030B539 /* libsqlite3.dylib */; };
		FDEA8BE015D120750030B539 /* libz.dylib in Frameworks */ = {isa = PBXBuildFile; fileRef = FDEA8BDF15D120740030B539 /* libz.dylib */; };
/* End PBXBuildFile section */

/* Begin PBXFileReference section */
		3F03EE479A794EEB96D693FF /* Pods.xcconfig */ = {isa = PBXFileReference; includeInIndex = 1; lastKnownFileType = text.xcconfig; name = Pods.xcconfig; path = Pods/Pods.xcconfig; sourceTree = "<group>"; };
		7445F1F819A1A8E60022808A /* libPods.a */ = {isa = PBXFileReference; lastKnownFileType = archive.ar; name = libPods.a; path = "Pods/build/Debug-iphoneos/libPods.a"; sourceTree = "<group>"; };
		7445F3F419A1D9CE0022808A /* AppDelegate.h */ = {isa = PBXFileReference; fileEncoding = 4; lastKnownFileType = sourcecode.c.h; path = AppDelegate.h; sourceTree = "<group>"; };
		7445F3F519A1D9CE0022808A /* AppDelegate.m */ = {isa = PBXFileReference; fileEncoding = 4; lastKnownFileType = sourcecode.c.objc; path = AppDelegate.m; sourceTree = "<group>"; };
		7445F3F919A1D9CE0022808A /* SWWorkspace-Info.plist */ = {isa = PBXFileReference; fileEncoding = 4; lastKnownFileType = text.plist.xml; path = "SWWorkspace-Info.plist"; sourceTree = "<group>"; };
		7445F3FA19A1D9CE0022808A /* SWWorkspace-Prefix.pch */ = {isa = PBXFileReference; fileEncoding = 4; lastKnownFileType = sourcecode.c.h; path = "SWWorkspace-Prefix.pch"; sourceTree = "<group>"; };
		7445F3FC19A1D9CE0022808A /* en */ = {isa = PBXFileReference; lastKnownFileType = text.plist.strings; name = en; path = en.lproj/InfoPlist.strings; sourceTree = "<group>"; };
		7445F3FD19A1D9CE0022808A /* Images.xcassets */ = {isa = PBXFileReference; lastKnownFileType = folder.assetcatalog; name = Images.xcassets; path = ../Images.xcassets; sourceTree = "<group>"; };
		7445F47319A1D9CE0022808A /* main.m */ = {isa = PBXFileReference; fileEncoding = 4; lastKnownFileType = sourcecode.c.objc; path = main.m; sourceTree = "<group>"; };
		7445F47419A1D9CE0022808A /* MainViewController.h */ = {isa = PBXFileReference; fileEncoding = 4; lastKnownFileType = sourcecode.c.h; path = MainViewController.h; sourceTree = "<group>"; };
		7445F47519A1D9CE0022808A /* MainViewController.m */ = {isa = PBXFileReference; fileEncoding = 4; lastKnownFileType = sourcecode.c.objc; path = MainViewController.m; sourceTree = "<group>"; };
		7445F47719A1D9CE0022808A /* Constant.h */ = {isa = PBXFileReference; fileEncoding = 4; lastKnownFileType = sourcecode.c.h; path = Constant.h; sourceTree = "<group>"; };
		7445F47819A1D9CE0022808A /* Constant.m */ = {isa = PBXFileReference; fileEncoding = 4; lastKnownFileType = sourcecode.c.objc; path = Constant.m; sourceTree = "<group>"; };
		7445F47919A1D9CE0022808A /* Define.h */ = {isa = PBXFileReference; fileEncoding = 4; lastKnownFileType = sourcecode.c.h; path = Define.h; sourceTree = "<group>"; };
		7445F47A19A1D9CE0022808A /* ProtocolLoader.h */ = {isa = PBXFileReference; fileEncoding = 4; lastKnownFileType = sourcecode.c.h; path = ProtocolLoader.h; sourceTree = "<group>"; };
		74474A0519A5C9F50040961A /* NSData+SWHex.h */ = {isa = PBXFileReference; fileEncoding = 4; lastKnownFileType = sourcecode.c.h; path = "NSData+SWHex.h"; sourceTree = "<group>"; };
		74474A0619A5C9F50040961A /* NSData+SWHex.m */ = {isa = PBXFileReference; fileEncoding = 4; lastKnownFileType = sourcecode.c.objc; path = "NSData+SWHex.m"; sourceTree = "<group>"; };
		74474A0719A5C9F50040961A /* NSNumber+SWHex.h */ = {isa = PBXFileReference; fileEncoding = 4; lastKnownFileType = sourcecode.c.h; path = "NSNumber+SWHex.h"; sourceTree = "<group>"; };
		74474A0819A5C9F50040961A /* NSNumber+SWHex.m */ = {isa = PBXFileReference; fileEncoding = 4; lastKnownFileType = sourcecode.c.objc; path = "NSNumber+SWHex.m"; sourceTree = "<group>"; };
		74474A0919A5C9F50040961A /* NSString+SWHex.h */ = {isa = PBXFileReference; fileEncoding = 4; lastKnownFileType = sourcecode.c.h; path = "NSString+SWHex.h"; sourceTree = "<group>"; };
		74474A0A19A5C9F50040961A /* NSString+SWHex.m */ = {isa = PBXFileReference; fileEncoding = 4; lastKnownFileType = sourcecode.c.objc; path = "NSString+SWHex.m"; sourceTree = "<group>"; };
		74474A0B19A5C9F50040961A /* SWHex.h */ = {isa = PBXFileReference; fileEncoding = 4; lastKnownFileType = sourcecode.c.h; path = SWHex.h; sourceTree = "<group>"; };
		74474A1119A5CA440040961A /* UIImage+SWImage.h */ = {isa = PBXFileReference; fileEncoding = 4; lastKnownFileType = sourcecode.c.h; path = "UIImage+SWImage.h"; sourceTree = "<group>"; };
		74474A1219A5CA440040961A /* UIImage+SWImage.m */ = {isa = PBXFileReference; fileEncoding = 4; lastKnownFileType = sourcecode.c.objc; path = "UIImage+SWImage.m"; sourceTree = "<group>"; };
		74474A1519A5CAB70040961A /* NSDate+Helper.h */ = {isa = PBXFileReference; fileEncoding = 4; lastKnownFileType = sourcecode.c.h; path = "NSDate+Helper.h"; sourceTree = "<group>"; };
		74474A1619A5CAB70040961A /* NSDate+Helper.m */ = {isa = PBXFileReference; fileEncoding = 4; lastKnownFileType = sourcecode.c.objc; path = "NSDate+Helper.m"; sourceTree = "<group>"; };
		74474A1B19A5E9EC0040961A /* wax_CGTransform.h */ = {isa = PBXFileReference; fileEncoding = 4; lastKnownFileType = sourcecode.c.h; path = wax_CGTransform.h; sourceTree = "<group>"; };
		74474A1C19A5E9EC0040961A /* wax_CGTransform.m */ = {isa = PBXFileReference; fileEncoding = 4; lastKnownFileType = sourcecode.c.objc; path = wax_CGTransform.m; sourceTree = "<group>"; };
		74474A1E19A5E9EC0040961A /* wax_CGContext.h */ = {isa = PBXFileReference; fileEncoding = 4; lastKnownFileType = sourcecode.c.h; path = wax_CGContext.h; sourceTree = "<group>"; };
		74474A1F19A5E9EC0040961A /* wax_CGContext.m */ = {isa = PBXFileReference; fileEncoding = 4; lastKnownFileType = sourcecode.c.objc; path = wax_CGContext.m; sourceTree = "<group>"; };
		74474A2119A5E9EC0040961A /* wax_filesystem.h */ = {isa = PBXFileReference; fileEncoding = 4; lastKnownFileType = sourcecode.c.h; path = wax_filesystem.h; sourceTree = "<group>"; };
		74474A2219A5E9EC0040961A /* wax_filesystem.m */ = {isa = PBXFileReference; fileEncoding = 4; lastKnownFileType = sourcecode.c.objc; path = wax_filesystem.m; sourceTree = "<group>"; };
		74474A2419A5E9EC0040961A /* wax_http.h */ = {isa = PBXFileReference; fileEncoding = 4; lastKnownFileType = sourcecode.c.h; path = wax_http.h; sourceTree = "<group>"; };
		74474A2519A5E9EC0040961A /* wax_http.m */ = {isa = PBXFileReference; fileEncoding = 4; lastKnownFileType = sourcecode.c.objc; path = wax_http.m; sourceTree = "<group>"; };
		74474A2619A5E9EC0040961A /* wax_http_connection.h */ = {isa = PBXFileReference; fileEncoding = 4; lastKnownFileType = sourcecode.c.h; path = wax_http_connection.h; sourceTree = "<group>"; };
		74474A2719A5E9EC0040961A /* wax_http_connection.m */ = {isa = PBXFileReference; fileEncoding = 4; lastKnownFileType = sourcecode.c.objc; path = wax_http_connection.m; sourceTree = "<group>"; };
		74474A2919A5E9EC0040961A /* Rakefile */ = {isa = PBXFileReference; fileEncoding = 4; lastKnownFileType = text; path = Rakefile; sourceTree = "<group>"; };
		74474A2A19A5E9EC0040961A /* wax_json.c */ = {isa = PBXFileReference; fileEncoding = 4; lastKnownFileType = sourcecode.c.c; path = wax_json.c; sourceTree = "<group>"; };
		74474A2B19A5E9EC0040961A /* wax_json.h */ = {isa = PBXFileReference; fileEncoding = 4; lastKnownFileType = sourcecode.c.h; path = wax_json.h; sourceTree = "<group>"; };
		74474A2E19A5E9EC0040961A /* yajl_common.h */ = {isa = PBXFileReference; fileEncoding = 4; lastKnownFileType = sourcecode.c.h; path = yajl_common.h; sourceTree = "<group>"; };
		74474A2F19A5E9EC0040961A /* yajl_gen.h */ = {isa = PBXFileReference; fileEncoding = 4; lastKnownFileType = sourcecode.c.h; path = yajl_gen.h; sourceTree = "<group>"; };
		74474A3019A5E9EC0040961A /* yajl_parse.h */ = {isa = PBXFileReference; fileEncoding = 4; lastKnownFileType = sourcecode.c.h; path = yajl_parse.h; sourceTree = "<group>"; };
		74474A3119A5E9EC0040961A /* yajl.c */ = {isa = PBXFileReference; fileEncoding = 4; lastKnownFileType = sourcecode.c.c; path = yajl.c; sourceTree = "<group>"; };
		74474A3219A5E9EC0040961A /* yajl_alloc.c */ = {isa = PBXFileReference; fileEncoding = 4; lastKnownFileType = sourcecode.c.c; path = yajl_alloc.c; sourceTree = "<group>"; };
		74474A3319A5E9EC0040961A /* yajl_alloc.h */ = {isa = PBXFileReference; fileEncoding = 4; lastKnownFileType = sourcecode.c.h; path = yajl_alloc.h; sourceTree = "<group>"; };
		74474A3419A5E9EC0040961A /* yajl_buf.c */ = {isa = PBXFileReference; fileEncoding = 4; lastKnownFileType = sourcecode.c.c; path = yajl_buf.c; sourceTree = "<group>"; };
		74474A3519A5E9EC0040961A /* yajl_buf.h */ = {isa = PBXFileReference; fileEncoding = 4; lastKnownFileType = sourcecode.c.h; path = yajl_buf.h; sourceTree = "<group>"; };
		74474A3619A5E9EC0040961A /* yajl_bytestack.h */ = {isa = PBXFileReference; fileEncoding = 4; lastKnownFileType = sourcecode.c.h; path = yajl_bytestack.h; sourceTree = "<group>"; };
		74474A3719A5E9EC0040961A /* yajl_common.h */ = {isa = PBXFileReference; fileEncoding = 4; lastKnownFileType = sourcecode.c.h; path = yajl_common.h; sourceTree = "<group>"; };
		74474A3819A5E9EC0040961A /* yajl_encode.c */ = {isa = PBXFileReference; fileEncoding = 4; lastKnownFileType = sourcecode.c.c; path = yajl_encode.c; sourceTree = "<group>"; };
		74474A3919A5E9EC0040961A /* yajl_encode.h */ = {isa = PBXFileReference; fileEncoding = 4; lastKnownFileType = sourcecode.c.h; path = yajl_encode.h; sourceTree = "<group>"; };
		74474A3A19A5E9EC0040961A /* yajl_gen.c */ = {isa = PBXFileReference; fileEncoding = 4; lastKnownFileType = sourcecode.c.c; path = yajl_gen.c; sourceTree = "<group>"; };
		74474A3B19A5E9EC0040961A /* yajl_gen.h */ = {isa = PBXFileReference; fileEncoding = 4; lastKnownFileType = sourcecode.c.h; path = yajl_gen.h; sourceTree = "<group>"; };
		74474A3C19A5E9EC0040961A /* yajl_lex.c */ = {isa = PBXFileReference; fileEncoding = 4; lastKnownFileType = sourcecode.c.c; path = yajl_lex.c; sourceTree = "<group>"; };
		74474A3D19A5E9EC0040961A /* yajl_lex.h */ = {isa = PBXFileReference; fileEncoding = 4; lastKnownFileType = sourcecode.c.h; path = yajl_lex.h; sourceTree = "<group>"; };
		74474A3E19A5E9EC0040961A /* yajl_parse.h */ = {isa = PBXFileReference; fileEncoding = 4; lastKnownFileType = sourcecode.c.h; path = yajl_parse.h; sourceTree = "<group>"; };
		74474A3F19A5E9EC0040961A /* yajl_parser.c */ = {isa = PBXFileReference; fileEncoding = 4; lastKnownFileType = sourcecode.c.c; path = yajl_parser.c; sourceTree = "<group>"; };
		74474A4019A5E9EC0040961A /* yajl_parser.h */ = {isa = PBXFileReference; fileEncoding = 4; lastKnownFileType = sourcecode.c.h; path = yajl_parser.h; sourceTree = "<group>"; };
		74474A4119A5E9EC0040961A /* yajl-1.0.9.tar.gz */ = {isa = PBXFileReference; lastKnownFileType = archive.gzip; path = "yajl-1.0.9.tar.gz"; sourceTree = "<group>"; };
		74474A4319A5E9EC0040961A /* lapi.c */ = {isa = PBXFileReference; fileEncoding = 4; lastKnownFileType = sourcecode.c.c; path = lapi.c; sourceTree = "<group>"; };
		74474A4419A5E9EC0040961A /* lapi.h */ = {isa = PBXFileReference; fileEncoding = 4; lastKnownFileType = sourcecode.c.h; path = lapi.h; sourceTree = "<group>"; };
		74474A4519A5E9EC0040961A /* lauxlib.c */ = {isa = PBXFileReference; fileEncoding = 4; lastKnownFileType = sourcecode.c.c; path = lauxlib.c; sourceTree = "<group>"; };
		74474A4619A5E9EC0040961A /* lauxlib.h */ = {isa = PBXFileReference; fileEncoding = 4; lastKnownFileType = sourcecode.c.h; path = lauxlib.h; sourceTree = "<group>"; };
		74474A4719A5E9EC0040961A /* lbaselib.c */ = {isa = PBXFileReference; fileEncoding = 4; lastKnownFileType = sourcecode.c.c; path = lbaselib.c; sourceTree = "<group>"; };
		74474A4819A5E9EC0040961A /* lcode.c */ = {isa = PBXFileReference; fileEncoding = 4; lastKnownFileType = sourcecode.c.c; path = lcode.c; sourceTree = "<group>"; };
		74474A4919A5E9EC0040961A /* lcode.h */ = {isa = PBXFileReference; fileEncoding = 4; lastKnownFileType = sourcecode.c.h; path = lcode.h; sourceTree = "<group>"; };
		74474A4A19A5E9EC0040961A /* ldblib.c */ = {isa = PBXFileReference; fileEncoding = 4; lastKnownFileType = sourcecode.c.c; path = ldblib.c; sourceTree = "<group>"; };
		74474A4B19A5E9EC0040961A /* ldebug.c */ = {isa = PBXFileReference; fileEncoding = 4; lastKnownFileType = sourcecode.c.c; path = ldebug.c; sourceTree = "<group>"; };
		74474A4C19A5E9EC0040961A /* ldebug.h */ = {isa = PBXFileReference; fileEncoding = 4; lastKnownFileType = sourcecode.c.h; path = ldebug.h; sourceTree = "<group>"; };
		74474A4D19A5E9EC0040961A /* ldo.c */ = {isa = PBXFileReference; fileEncoding = 4; lastKnownFileType = sourcecode.c.c; path = ldo.c; sourceTree = "<group>"; };
		74474A4E19A5E9EC0040961A /* ldo.h */ = {isa = PBXFileReference; fileEncoding = 4; lastKnownFileType = sourcecode.c.h; path = ldo.h; sourceTree = "<group>"; };
		74474A4F19A5E9EC0040961A /* ldump.c */ = {isa = PBXFileReference; fileEncoding = 4; lastKnownFileType = sourcecode.c.c; path = ldump.c; sourceTree = "<group>"; };
		74474A5019A5E9EC0040961A /* lfunc.c */ = {isa = PBXFileReference; fileEncoding = 4; lastKnownFileType = sourcecode.c.c; path = lfunc.c; sourceTree = "<group>"; };
		74474A5119A5E9EC0040961A /* lfunc.h */ = {isa = PBXFileReference; fileEncoding = 4; lastKnownFileType = sourcecode.c.h; path = lfunc.h; sourceTree = "<group>"; };
		74474A5219A5E9EC0040961A /* lgc.c */ = {isa = PBXFileReference; fileEncoding = 4; lastKnownFileType = sourcecode.c.c; path = lgc.c; sourceTree = "<group>"; };
		74474A5319A5E9EC0040961A /* lgc.h */ = {isa = PBXFileReference; fileEncoding = 4; lastKnownFileType = sourcecode.c.h; path = lgc.h; sourceTree = "<group>"; };
		74474A5419A5E9EC0040961A /* linit.c */ = {isa = PBXFileReference; fileEncoding = 4; lastKnownFileType = sourcecode.c.c; path = linit.c; sourceTree = "<group>"; };
		74474A5519A5E9EC0040961A /* liolib.c */ = {isa = PBXFileReference; fileEncoding = 4; lastKnownFileType = sourcecode.c.c; path = liolib.c; sourceTree = "<group>"; };
		74474A5619A5E9EC0040961A /* llex.c */ = {isa = PBXFileReference; fileEncoding = 4; lastKnownFileType = sourcecode.c.c; path = llex.c; sourceTree = "<group>"; };
		74474A5719A5E9EC0040961A /* llex.h */ = {isa = PBXFileReference; fileEncoding = 4; lastKnownFileType = sourcecode.c.h; path = llex.h; sourceTree = "<group>"; };
		74474A5819A5E9EC0040961A /* llimits.h */ = {isa = PBXFileReference; fileEncoding = 4; lastKnownFileType = sourcecode.c.h; path = llimits.h; sourceTree = "<group>"; };
		74474A5919A5E9EC0040961A /* lmathlib.c */ = {isa = PBXFileReference; fileEncoding = 4; lastKnownFileType = sourcecode.c.c; path = lmathlib.c; sourceTree = "<group>"; };
		74474A5A19A5E9EC0040961A /* lmem.c */ = {isa = PBXFileReference; fileEncoding = 4; lastKnownFileType = sourcecode.c.c; path = lmem.c; sourceTree = "<group>"; };
		74474A5B19A5E9EC0040961A /* lmem.h */ = {isa = PBXFileReference; fileEncoding = 4; lastKnownFileType = sourcecode.c.h; path = lmem.h; sourceTree = "<group>"; };
		74474A5C19A5E9EC0040961A /* loadlib.c */ = {isa = PBXFileReference; fileEncoding = 4; lastKnownFileType = sourcecode.c.c; path = loadlib.c; sourceTree = "<group>"; };
		74474A5D19A5E9EC0040961A /* lobject.c */ = {isa = PBXFileReference; fileEncoding = 4; lastKnownFileType = sourcecode.c.c; path = lobject.c; sourceTree = "<group>"; };
		74474A5E19A5E9EC0040961A /* lobject.h */ = {isa = PBXFileReference; fileEncoding = 4; lastKnownFileType = sourcecode.c.h; path = lobject.h; sourceTree = "<group>"; };
		74474A5F19A5E9EC0040961A /* lopcodes.c */ = {isa = PBXFileReference; fileEncoding = 4; lastKnownFileType = sourcecode.c.c; path = lopcodes.c; sourceTree = "<group>"; };
		74474A6019A5E9EC0040961A /* lopcodes.h */ = {isa = PBXFileReference; fileEncoding = 4; lastKnownFileType = sourcecode.c.h; path = lopcodes.h; sourceTree = "<group>"; };
		74474A6119A5E9EC0040961A /* loslib.c */ = {isa = PBXFileReference; fileEncoding = 4; lastKnownFileType = sourcecode.c.c; path = loslib.c; sourceTree = "<group>"; };
		74474A6219A5E9EC0040961A /* lparser.c */ = {isa = PBXFileReference; fileEncoding = 4; lastKnownFileType = sourcecode.c.c; path = lparser.c; sourceTree = "<group>"; };
		74474A6319A5E9EC0040961A /* lparser.h */ = {isa = PBXFileReference; fileEncoding = 4; lastKnownFileType = sourcecode.c.h; path = lparser.h; sourceTree = "<group>"; };
		74474A6419A5E9EC0040961A /* lstate.c */ = {isa = PBXFileReference; fileEncoding = 4; lastKnownFileType = sourcecode.c.c; path = lstate.c; sourceTree = "<group>"; };
		74474A6519A5E9EC0040961A /* lstate.h */ = {isa = PBXFileReference; fileEncoding = 4; lastKnownFileType = sourcecode.c.h; path = lstate.h; sourceTree = "<group>"; };
		74474A6619A5E9EC0040961A /* lstring.c */ = {isa = PBXFileReference; fileEncoding = 4; lastKnownFileType = sourcecode.c.c; path = lstring.c; sourceTree = "<group>"; };
		74474A6719A5E9EC0040961A /* lstring.h */ = {isa = PBXFileReference; fileEncoding = 4; lastKnownFileType = sourcecode.c.h; path = lstring.h; sourceTree = "<group>"; };
		74474A6819A5E9EC0040961A /* lstrlib.c */ = {isa = PBXFileReference; fileEncoding = 4; lastKnownFileType = sourcecode.c.c; path = lstrlib.c; sourceTree = "<group>"; };
		74474A6919A5E9EC0040961A /* ltable.c */ = {isa = PBXFileReference; fileEncoding = 4; lastKnownFileType = sourcecode.c.c; path = ltable.c; sourceTree = "<group>"; };
		74474A6A19A5E9EC0040961A /* ltable.h */ = {isa = PBXFileReference; fileEncoding = 4; lastKnownFileType = sourcecode.c.h; path = ltable.h; sourceTree = "<group>"; };
		74474A6B19A5E9EC0040961A /* ltablib.c */ = {isa = PBXFileReference; fileEncoding = 4; lastKnownFileType = sourcecode.c.c; path = ltablib.c; sourceTree = "<group>"; };
		74474A6C19A5E9EC0040961A /* ltm.c */ = {isa = PBXFileReference; fileEncoding = 4; lastKnownFileType = sourcecode.c.c; path = ltm.c; sourceTree = "<group>"; };
		74474A6D19A5E9EC0040961A /* ltm.h */ = {isa = PBXFileReference; fileEncoding = 4; lastKnownFileType = sourcecode.c.h; path = ltm.h; sourceTree = "<group>"; };
		74474A6E19A5E9EC0040961A /* lua.h */ = {isa = PBXFileReference; fileEncoding = 4; lastKnownFileType = sourcecode.c.h; path = lua.h; sourceTree = "<group>"; };
		74474A6F19A5E9EC0040961A /* luaconf.h */ = {isa = PBXFileReference; fileEncoding = 4; lastKnownFileType = sourcecode.c.h; path = luaconf.h; sourceTree = "<group>"; };
		74474A7019A5E9EC0040961A /* lualib.h */ = {isa = PBXFileReference; fileEncoding = 4; lastKnownFileType = sourcecode.c.h; path = lualib.h; sourceTree = "<group>"; };
		74474A7119A5E9EC0040961A /* lundump.c */ = {isa = PBXFileReference; fileEncoding = 4; lastKnownFileType = sourcecode.c.c; path = lundump.c; sourceTree = "<group>"; };
		74474A7219A5E9EC0040961A /* lundump.h */ = {isa = PBXFileReference; fileEncoding = 4; lastKnownFileType = sourcecode.c.h; path = lundump.h; sourceTree = "<group>"; };
		74474A7319A5E9EC0040961A /* lvm.c */ = {isa = PBXFileReference; fileEncoding = 4; lastKnownFileType = sourcecode.c.c; path = lvm.c; sourceTree = "<group>"; };
		74474A7419A5E9EC0040961A /* lvm.h */ = {isa = PBXFileReference; fileEncoding = 4; lastKnownFileType = sourcecode.c.h; path = lvm.h; sourceTree = "<group>"; };
		74474A7519A5E9EC0040961A /* lzio.c */ = {isa = PBXFileReference; fileEncoding = 4; lastKnownFileType = sourcecode.c.c; path = lzio.c; sourceTree = "<group>"; };
		74474A7619A5E9EC0040961A /* lzio.h */ = {isa = PBXFileReference; fileEncoding = 4; lastKnownFileType = sourcecode.c.h; path = lzio.h; sourceTree = "<group>"; };
		74474A7719A5E9EC0040961A /* print.c */ = {isa = PBXFileReference; fileEncoding = 4; lastKnownFileType = sourcecode.c.c; path = print.c; sourceTree = "<group>"; };
		74474A7819A5E9EC0040961A /* wax.h */ = {isa = PBXFileReference; fileEncoding = 4; lastKnownFileType = sourcecode.c.h; path = wax.h; sourceTree = "<group>"; };
		74474A7919A5E9EC0040961A /* wax.m */ = {isa = PBXFileReference; fileEncoding = 4; lastKnownFileType = sourcecode.c.objc; path = wax.m; sourceTree = "<group>"; };
		74474A7A19A5E9EC0040961A /* wax_class.h */ = {isa = PBXFileReference; fileEncoding = 4; lastKnownFileType = sourcecode.c.h; path = wax_class.h; sourceTree = "<group>"; };
		74474A7B19A5E9EC0040961A /* wax_class.m */ = {isa = PBXFileReference; fileEncoding = 4; lastKnownFileType = sourcecode.c.objc; path = wax_class.m; sourceTree = "<group>"; };
		74474A7C19A5E9EC0040961A /* wax_gc.h */ = {isa = PBXFileReference; fileEncoding = 4; lastKnownFileType = sourcecode.c.h; path = wax_gc.h; sourceTree = "<group>"; };
		74474A7D19A5E9EC0040961A /* wax_gc.m */ = {isa = PBXFileReference; fileEncoding = 4; lastKnownFileType = sourcecode.c.objc; path = wax_gc.m; sourceTree = "<group>"; };
		74474A7E19A5E9EC0040961A /* wax_helpers.h */ = {isa = PBXFileReference; fileEncoding = 4; lastKnownFileType = sourcecode.c.h; path = wax_helpers.h; sourceTree = "<group>"; };
		74474A7F19A5E9EC0040961A /* wax_helpers.m */ = {isa = PBXFileReference; fileEncoding = 4; lastKnownFileType = sourcecode.c.objc; path = wax_helpers.m; sourceTree = "<group>"; };
		74474A8019A5E9EC0040961A /* wax_instance.h */ = {isa = PBXFileReference; fileEncoding = 4; lastKnownFileType = sourcecode.c.h; path = wax_instance.h; sourceTree = "<group>"; };
		74474A8119A5E9EC0040961A /* wax_instance.m */ = {isa = PBXFileReference; fileEncoding = 4; lastKnownFileType = sourcecode.c.objc; path = wax_instance.m; sourceTree = "<group>"; };
		74474A8219A5E9EC0040961A /* wax_server.h */ = {isa = PBXFileReference; fileEncoding = 4; lastKnownFileType = sourcecode.c.h; path = wax_server.h; sourceTree = "<group>"; };
		74474A8319A5E9EC0040961A /* wax_server.m */ = {isa = PBXFileReference; fileEncoding = 4; lastKnownFileType = sourcecode.c.objc; path = wax_server.m; sourceTree = "<group>"; };
		74474A8419A5E9EC0040961A /* wax_stdlib.h */ = {isa = PBXFileReference; fileEncoding = 4; lastKnownFileType = sourcecode.c.h; path = wax_stdlib.h; sourceTree = "<group>"; };
		74474A8519A5E9EC0040961A /* wax_struct.h */ = {isa = PBXFileReference; fileEncoding = 4; lastKnownFileType = sourcecode.c.h; path = wax_struct.h; sourceTree = "<group>"; };
		74474A8619A5E9EC0040961A /* wax_struct.m */ = {isa = PBXFileReference; fileEncoding = 4; lastKnownFileType = sourcecode.c.objc; path = wax_struct.m; sourceTree = "<group>"; };
		74A8F3CC199DA23200315362 /* Default-568h@2x.png */ = {isa = PBXFileReference; lastKnownFileType = image.png; name = "Default-568h@2x.png"; path = "../../Default-568h@2x.png"; sourceTree = "<group>"; };
		74BDBC81199DAB5A00529846 /* Podfile */ = {isa = PBXFileReference; fileEncoding = 4; lastKnownFileType = text; path = Podfile; sourceTree = "<group>"; xcLanguageSpecificationIdentifier = xcode.lang.ruby; };
		FDEA8A5115CD1EBD0030B539 /* SWWorkspace.app */ = {isa = PBXFileReference; explicitFileType = wrapper.application; includeInIndex = 0; path = SWWorkspace.app; sourceTree = BUILT_PRODUCTS_DIR; };
		FDEA8A5515CD1EBD0030B539 /* UIKit.framework */ = {isa = PBXFileReference; lastKnownFileType = wrapper.framework; name = UIKit.framework; path = System/Library/Frameworks/UIKit.framework; sourceTree = SDKROOT; };
		FDEA8A5715CD1EBD0030B539 /* Foundation.framework */ = {isa = PBXFileReference; lastKnownFileType = wrapper.framework; name = Foundation.framework; path = System/Library/Frameworks/Foundation.framework; sourceTree = SDKROOT; };
		FDEA8A5915CD1EBD0030B539 /* CoreGraphics.framework */ = {isa = PBXFileReference; lastKnownFileType = wrapper.framework; name = CoreGraphics.framework; path = System/Library/Frameworks/CoreGraphics.framework; sourceTree = SDKROOT; };
		FDEA8BC215D0BF5D0030B539 /* libsqlite3.dylib */ = {isa = PBXFileReference; lastKnownFileType = "compiled.mach-o.dylib"; name = libsqlite3.dylib; path = usr/lib/libsqlite3.dylib; sourceTree = SDKROOT; };
		FDEA8BDF15D120740030B539 /* libz.dylib */ = {isa = PBXFileReference; lastKnownFileType = "compiled.mach-o.dylib"; name = libz.dylib; path = usr/lib/libz.dylib; sourceTree = SDKROOT; };
/* End PBXFileReference section */

/* Begin PBXFrameworksBuildPhase section */
		FDEA8A4E15CD1EBD0030B539 /* Frameworks */ = {
			isa = PBXFrameworksBuildPhase;
			buildActionMask = 2147483647;
			files = (
				7445F1F919A1A8E60022808A /* libPods.a in Frameworks */,
				FDEA8BE015D120750030B539 /* libz.dylib in Frameworks */,
				FDEA8BC315D0BF5D0030B539 /* libsqlite3.dylib in Frameworks */,
				FDEA8A5615CD1EBD0030B539 /* UIKit.framework in Frameworks */,
				FDEA8A5815CD1EBD0030B539 /* Foundation.framework in Frameworks */,
				FDEA8A5A15CD1EBD0030B539 /* CoreGraphics.framework in Frameworks */,
			);
			runOnlyForDeploymentPostprocessing = 0;
		};
/* End PBXFrameworksBuildPhase section */

/* Begin PBXGroup section */
		7445F3F319A1D9CE0022808A /* Workspace */ = {
			isa = PBXGroup;
			children = (
				7445F3F419A1D9CE0022808A /* AppDelegate.h */,
				7445F3F519A1D9CE0022808A /* AppDelegate.m */,
				7445F3FE19A1D9CE0022808A /* Library */,
				7445F3F619A1D9CE0022808A /* Class */,
				7445F47419A1D9CE0022808A /* MainViewController.h */,
				7445F47519A1D9CE0022808A /* MainViewController.m */,
				7445F47B19A1D9CE0022808A /* Resources */,
				7445F4B719A1D9D80022808A /* Supporting Files */,
			);
			path = Workspace;
			sourceTree = "<group>";
		};
		7445F3F619A1D9CE0022808A /* Class */ = {
			isa = PBXGroup;
			children = (
				7445F3F719A1D9CE0022808A /* Base */,
				7445F3F819A1D9CE0022808A /* Extended */,
			);
			path = Class;
			sourceTree = "<group>";
		};
		7445F3F719A1D9CE0022808A /* Base */ = {
			isa = PBXGroup;
			children = (
			);
			path = Base;
			sourceTree = "<group>";
		};
		7445F3F819A1D9CE0022808A /* Extended */ = {
			isa = PBXGroup;
			children = (
			);
			path = Extended;
			sourceTree = "<group>";
		};
		7445F3FE19A1D9CE0022808A /* Library */ = {
			isa = PBXGroup;
			children = (
				7445F3FF19A1D9CE0022808A /* Category */,
				7445F40019A1D9CE0022808A /* Model */,
				7445F40119A1D9CE0022808A /* Service */,
				7445F40219A1D9CE0022808A /* Vendor */,
			);
			path = Library;
			sourceTree = "<group>";
		};
		7445F3FF19A1D9CE0022808A /* Category */ = {
			isa = PBXGroup;
			children = (
				74474A1519A5CAB70040961A /* NSDate+Helper.h */,
				74474A1619A5CAB70040961A /* NSDate+Helper.m */,
				74474A1119A5CA440040961A /* UIImage+SWImage.h */,
				74474A1219A5CA440040961A /* UIImage+SWImage.m */,
				74474A0419A5C9F50040961A /* SWHex */,
			);
			path = Category;
			sourceTree = "<group>";
		};
		7445F40019A1D9CE0022808A /* Model */ = {
			isa = PBXGroup;
			children = (
			);
			path = Model;
			sourceTree = "<group>";
		};
		7445F40119A1D9CE0022808A /* Service */ = {
			isa = PBXGroup;
			children = (
			);
			path = Service;
			sourceTree = "<group>";
		};
		7445F40219A1D9CE0022808A /* Vendor */ = {
			isa = PBXGroup;
			children = (
				74474A1819A5E9EC0040961A /* wax */,
			);
			path = Vendor;
			sourceTree = "<group>";
		};
		7445F47619A1D9CE0022808A /* Preload */ = {
			isa = PBXGroup;
			children = (
				7445F47719A1D9CE0022808A /* Constant.h */,
				7445F47819A1D9CE0022808A /* Constant.m */,
				7445F47919A1D9CE0022808A /* Define.h */,
				7445F47A19A1D9CE0022808A /* ProtocolLoader.h */,
			);
			path = Preload;
			sourceTree = "<group>";
		};
		7445F47B19A1D9CE0022808A /* Resources */ = {
			isa = PBXGroup;
			children = (
				74A8F3CC199DA23200315362 /* Default-568h@2x.png */,
				7445F3FD19A1D9CE0022808A /* Images.xcassets */,
			);
			path = Resources;
			sourceTree = "<group>";
		};
		7445F4B719A1D9D80022808A /* Supporting Files */ = {
			isa = PBXGroup;
			children = (
				7445F47619A1D9CE0022808A /* Preload */,
				7445F3F919A1D9CE0022808A /* SWWorkspace-Info.plist */,
				7445F3FA19A1D9CE0022808A /* SWWorkspace-Prefix.pch */,
				7445F3FB19A1D9CE0022808A /* InfoPlist.strings */,
				7445F47319A1D9CE0022808A /* main.m */,
			);
			name = "Supporting Files";
			sourceTree = "<group>";
		};
		74474A0419A5C9F50040961A /* SWHex */ = {
			isa = PBXGroup;
			children = (
				74474A0519A5C9F50040961A /* NSData+SWHex.h */,
				74474A0619A5C9F50040961A /* NSData+SWHex.m */,
				74474A0719A5C9F50040961A /* NSNumber+SWHex.h */,
				74474A0819A5C9F50040961A /* NSNumber+SWHex.m */,
				74474A0919A5C9F50040961A /* NSString+SWHex.h */,
				74474A0A19A5C9F50040961A /* NSString+SWHex.m */,
				74474A0B19A5C9F50040961A /* SWHex.h */,
			);
			path = SWHex;
			sourceTree = "<group>";
		};
		74474A1819A5E9EC0040961A /* wax */ = {
			isa = PBXGroup;
			children = (
				74474A1919A5E9EC0040961A /* extensions */,
				74474A4219A5E9EC0040961A /* lua */,
				74474A7819A5E9EC0040961A /* wax.h */,
				74474A7919A5E9EC0040961A /* wax.m */,
				74474A7A19A5E9EC0040961A /* wax_class.h */,
				74474A7B19A5E9EC0040961A /* wax_class.m */,
				74474A7C19A5E9EC0040961A /* wax_gc.h */,
				74474A7D19A5E9EC0040961A /* wax_gc.m */,
				74474A7E19A5E9EC0040961A /* wax_helpers.h */,
				74474A7F19A5E9EC0040961A /* wax_helpers.m */,
				74474A8019A5E9EC0040961A /* wax_instance.h */,
				74474A8119A5E9EC0040961A /* wax_instance.m */,
				74474A8219A5E9EC0040961A /* wax_server.h */,
				74474A8319A5E9EC0040961A /* wax_server.m */,
				74474A8419A5E9EC0040961A /* wax_stdlib.h */,
				74474A8519A5E9EC0040961A /* wax_struct.h */,
				74474A8619A5E9EC0040961A /* wax_struct.m */,
			);
			path = wax;
			sourceTree = "<group>";
		};
		74474A1919A5E9EC0040961A /* extensions */ = {
			isa = PBXGroup;
			children = (
				74474A1A19A5E9EC0040961A /* CGAffine */,
				74474A1D19A5E9EC0040961A /* CGContext */,
				74474A2019A5E9EC0040961A /* filesystem */,
				74474A2319A5E9EC0040961A /* HTTP */,
				74474A2819A5E9EC0040961A /* json */,
			);
			path = extensions;
			sourceTree = "<group>";
		};
		74474A1A19A5E9EC0040961A /* CGAffine */ = {
			isa = PBXGroup;
			children = (
				74474A1B19A5E9EC0040961A /* wax_CGTransform.h */,
				74474A1C19A5E9EC0040961A /* wax_CGTransform.m */,
			);
			path = CGAffine;
			sourceTree = "<group>";
		};
		74474A1D19A5E9EC0040961A /* CGContext */ = {
			isa = PBXGroup;
			children = (
				74474A1E19A5E9EC0040961A /* wax_CGContext.h */,
				74474A1F19A5E9EC0040961A /* wax_CGContext.m */,
			);
			path = CGContext;
			sourceTree = "<group>";
		};
		74474A2019A5E9EC0040961A /* filesystem */ = {
			isa = PBXGroup;
			children = (
				74474A2119A5E9EC0040961A /* wax_filesystem.h */,
				74474A2219A5E9EC0040961A /* wax_filesystem.m */,
			);
			path = filesystem;
			sourceTree = "<group>";
		};
		74474A2319A5E9EC0040961A /* HTTP */ = {
			isa = PBXGroup;
			children = (
				74474A2419A5E9EC0040961A /* wax_http.h */,
				74474A2519A5E9EC0040961A /* wax_http.m */,
				74474A2619A5E9EC0040961A /* wax_http_connection.h */,
				74474A2719A5E9EC0040961A /* wax_http_connection.m */,
			);
			path = HTTP;
			sourceTree = "<group>";
		};
		74474A2819A5E9EC0040961A /* json */ = {
			isa = PBXGroup;
			children = (
				74474A2919A5E9EC0040961A /* Rakefile */,
				74474A2A19A5E9EC0040961A /* wax_json.c */,
				74474A2B19A5E9EC0040961A /* wax_json.h */,
				74474A2C19A5E9EC0040961A /* yajl */,
				74474A4119A5E9EC0040961A /* yajl-1.0.9.tar.gz */,
			);
			path = json;
			sourceTree = "<group>";
		};
		74474A2C19A5E9EC0040961A /* yajl */ = {
			isa = PBXGroup;
			children = (
				74474A2D19A5E9EC0040961A /* api */,
				74474A3119A5E9EC0040961A /* yajl.c */,
				74474A3219A5E9EC0040961A /* yajl_alloc.c */,
				74474A3319A5E9EC0040961A /* yajl_alloc.h */,
				74474A3419A5E9EC0040961A /* yajl_buf.c */,
				74474A3519A5E9EC0040961A /* yajl_buf.h */,
				74474A3619A5E9EC0040961A /* yajl_bytestack.h */,
				74474A3719A5E9EC0040961A /* yajl_common.h */,
				74474A3819A5E9EC0040961A /* yajl_encode.c */,
				74474A3919A5E9EC0040961A /* yajl_encode.h */,
				74474A3A19A5E9EC0040961A /* yajl_gen.c */,
				74474A3B19A5E9EC0040961A /* yajl_gen.h */,
				74474A3C19A5E9EC0040961A /* yajl_lex.c */,
				74474A3D19A5E9EC0040961A /* yajl_lex.h */,
				74474A3E19A5E9EC0040961A /* yajl_parse.h */,
				74474A3F19A5E9EC0040961A /* yajl_parser.c */,
				74474A4019A5E9EC0040961A /* yajl_parser.h */,
			);
			path = yajl;
			sourceTree = "<group>";
		};
		74474A2D19A5E9EC0040961A /* api */ = {
			isa = PBXGroup;
			children = (
				74474A2E19A5E9EC0040961A /* yajl_common.h */,
				74474A2F19A5E9EC0040961A /* yajl_gen.h */,
				74474A3019A5E9EC0040961A /* yajl_parse.h */,
			);
			path = api;
			sourceTree = "<group>";
		};
		74474A4219A5E9EC0040961A /* lua */ = {
			isa = PBXGroup;
			children = (
				74474A4319A5E9EC0040961A /* lapi.c */,
				74474A4419A5E9EC0040961A /* lapi.h */,
				74474A4519A5E9EC0040961A /* lauxlib.c */,
				74474A4619A5E9EC0040961A /* lauxlib.h */,
				74474A4719A5E9EC0040961A /* lbaselib.c */,
				74474A4819A5E9EC0040961A /* lcode.c */,
				74474A4919A5E9EC0040961A /* lcode.h */,
				74474A4A19A5E9EC0040961A /* ldblib.c */,
				74474A4B19A5E9EC0040961A /* ldebug.c */,
				74474A4C19A5E9EC0040961A /* ldebug.h */,
				74474A4D19A5E9EC0040961A /* ldo.c */,
				74474A4E19A5E9EC0040961A /* ldo.h */,
				74474A4F19A5E9EC0040961A /* ldump.c */,
				74474A5019A5E9EC0040961A /* lfunc.c */,
				74474A5119A5E9EC0040961A /* lfunc.h */,
				74474A5219A5E9EC0040961A /* lgc.c */,
				74474A5319A5E9EC0040961A /* lgc.h */,
				74474A5419A5E9EC0040961A /* linit.c */,
				74474A5519A5E9EC0040961A /* liolib.c */,
				74474A5619A5E9EC0040961A /* llex.c */,
				74474A5719A5E9EC0040961A /* llex.h */,
				74474A5819A5E9EC0040961A /* llimits.h */,
				74474A5919A5E9EC0040961A /* lmathlib.c */,
				74474A5A19A5E9EC0040961A /* lmem.c */,
				74474A5B19A5E9EC0040961A /* lmem.h */,
				74474A5C19A5E9EC0040961A /* loadlib.c */,
				74474A5D19A5E9EC0040961A /* lobject.c */,
				74474A5E19A5E9EC0040961A /* lobject.h */,
				74474A5F19A5E9EC0040961A /* lopcodes.c */,
				74474A6019A5E9EC0040961A /* lopcodes.h */,
				74474A6119A5E9EC0040961A /* loslib.c */,
				74474A6219A5E9EC0040961A /* lparser.c */,
				74474A6319A5E9EC0040961A /* lparser.h */,
				74474A6419A5E9EC0040961A /* lstate.c */,
				74474A6519A5E9EC0040961A /* lstate.h */,
				74474A6619A5E9EC0040961A /* lstring.c */,
				74474A6719A5E9EC0040961A /* lstring.h */,
				74474A6819A5E9EC0040961A /* lstrlib.c */,
				74474A6919A5E9EC0040961A /* ltable.c */,
				74474A6A19A5E9EC0040961A /* ltable.h */,
				74474A6B19A5E9EC0040961A /* ltablib.c */,
				74474A6C19A5E9EC0040961A /* ltm.c */,
				74474A6D19A5E9EC0040961A /* ltm.h */,
				74474A6E19A5E9EC0040961A /* lua.h */,
				74474A6F19A5E9EC0040961A /* luaconf.h */,
				74474A7019A5E9EC0040961A /* lualib.h */,
				74474A7119A5E9EC0040961A /* lundump.c */,
				74474A7219A5E9EC0040961A /* lundump.h */,
				74474A7319A5E9EC0040961A /* lvm.c */,
				74474A7419A5E9EC0040961A /* lvm.h */,
				74474A7519A5E9EC0040961A /* lzio.c */,
				74474A7619A5E9EC0040961A /* lzio.h */,
				74474A7719A5E9EC0040961A /* print.c */,
			);
			path = lua;
			sourceTree = "<group>";
		};
		FDEA8A4615CD1EBC0030B539 = {
			isa = PBXGroup;
			children = (
				7445F3F319A1D9CE0022808A /* Workspace */,
				74BDBC81199DAB5A00529846 /* Podfile */,
				FDEA8A5415CD1EBD0030B539 /* Frameworks */,
				FDEA8A5215CD1EBD0030B539 /* Products */,
				3F03EE479A794EEB96D693FF /* Pods.xcconfig */,
			);
			sourceTree = "<group>";
		};
		FDEA8A5215CD1EBD0030B539 /* Products */ = {
			isa = PBXGroup;
			children = (
				FDEA8A5115CD1EBD0030B539 /* SWWorkspace.app */,
			);
			name = Products;
			sourceTree = "<group>";
		};
		FDEA8A5415CD1EBD0030B539 /* Frameworks */ = {
			isa = PBXGroup;
			children = (
				7445F1F819A1A8E60022808A /* libPods.a */,
				FDEA8BDF15D120740030B539 /* libz.dylib */,
				FDEA8BC215D0BF5D0030B539 /* libsqlite3.dylib */,
				FDEA8A5515CD1EBD0030B539 /* UIKit.framework */,
				FDEA8A5715CD1EBD0030B539 /* Foundation.framework */,
				FDEA8A5915CD1EBD0030B539 /* CoreGraphics.framework */,
			);
			name = Frameworks;
			sourceTree = "<group>";
		};
/* End PBXGroup section */

/* Begin PBXNativeTarget section */
		FDEA8A5015CD1EBD0030B539 /* SWWorkspace */ = {
			isa = PBXNativeTarget;
			buildConfigurationList = FDEA8A6915CD1EBD0030B539 /* Build configuration list for PBXNativeTarget "SWWorkspace" */;
			buildPhases = (
				8C3D9DA010BF48F4AD68F317 /* Check Pods Manifest.lock */,
				FDEA8A4D15CD1EBD0030B539 /* Sources */,
				FDEA8A4E15CD1EBD0030B539 /* Frameworks */,
				FDEA8A4F15CD1EBD0030B539 /* Resources */,
				52091CEA093D41398838529B /* Copy Pods Resources */,
			);
			buildRules = (
			);
			dependencies = (
			);
			name = SWWorkspace;
			productName = WaxPatch;
			productReference = FDEA8A5115CD1EBD0030B539 /* SWWorkspace.app */;
			productType = "com.apple.product-type.application";
		};
/* End PBXNativeTarget section */

/* Begin PBXProject section */
		FDEA8A4815CD1EBC0030B539 /* Project object */ = {
			isa = PBXProject;
			attributes = {
				LastUpgradeCheck = 0510;
				ORGANIZATIONNAME = "Wang Shunzhou";
			};
			buildConfigurationList = FDEA8A4B15CD1EBC0030B539 /* Build configuration list for PBXProject "SWWorkspace" */;
			compatibilityVersion = "Xcode 3.2";
			developmentRegion = English;
			hasScannedForEncodings = 0;
			knownRegions = (
				en,
			);
			mainGroup = FDEA8A4615CD1EBC0030B539;
			productRefGroup = FDEA8A5215CD1EBD0030B539 /* Products */;
			projectDirPath = "";
			projectRoot = "";
			targets = (
				FDEA8A5015CD1EBD0030B539 /* SWWorkspace */,
			);
		};
/* End PBXProject section */

/* Begin PBXResourcesBuildPhase section */
		FDEA8A4F15CD1EBD0030B539 /* Resources */ = {
			isa = PBXResourcesBuildPhase;
			buildActionMask = 2147483647;
			files = (
				74474A8C19A5E9EC0040961A /* Rakefile in Resources */,
				7445F47F19A1D9CE0022808A /* Images.xcassets in Resources */,
				7445F47E19A1D9CE0022808A /* InfoPlist.strings in Resources */,
				74BDBC82199DAB5A00529846 /* Podfile in Resources */,
				74474A9519A5E9EC0040961A /* yajl-1.0.9.tar.gz in Resources */,
				74A8F3CD199DA23200315362 /* Default-568h@2x.png in Resources */,
			);
			runOnlyForDeploymentPostprocessing = 0;
		};
/* End PBXResourcesBuildPhase section */

/* Begin PBXShellScriptBuildPhase section */
		52091CEA093D41398838529B /* Copy Pods Resources */ = {
			isa = PBXShellScriptBuildPhase;
			buildActionMask = 2147483647;
			files = (
			);
			inputPaths = (
			);
			name = "Copy Pods Resources";
			outputPaths = (
			);
			runOnlyForDeploymentPostprocessing = 0;
			shellPath = /bin/sh;
			shellScript = "\"${SRCROOT}/Pods/Pods-resources.sh\"\n";
			showEnvVarsInLog = 0;
		};
		8C3D9DA010BF48F4AD68F317 /* Check Pods Manifest.lock */ = {
			isa = PBXShellScriptBuildPhase;
			buildActionMask = 2147483647;
			files = (
			);
			inputPaths = (
			);
			name = "Check Pods Manifest.lock";
			outputPaths = (
			);
			runOnlyForDeploymentPostprocessing = 0;
			shellPath = /bin/sh;
			shellScript = "diff \"${PODS_ROOT}/../Podfile.lock\" \"${PODS_ROOT}/Manifest.lock\" > /dev/null\nif [[ $? != 0 ]] ; then\n    cat << EOM\nerror: The sandbox is not in sync with the Podfile.lock. Run 'pod install' or update your CocoaPods installation.\nEOM\n    exit 1\nfi\n";
			showEnvVarsInLog = 0;
		};
/* End PBXShellScriptBuildPhase section */

/* Begin PBXSourcesBuildPhase section */
		FDEA8A4D15CD1EBD0030B539 /* Sources */ = {
			isa = PBXSourcesBuildPhase;
			buildActionMask = 2147483647;
			files = (
				74474AB819A5E9EC0040961A /* wax_instance.m in Sources */,
				74474AB019A5E9EC0040961A /* lundump.c in Sources */,
				74474A9D19A5E9EC0040961A /* ldump.c in Sources */,
				74474A1419A5CA440040961A /* UIImage+SWImage.m in Sources */,
				74474A9319A5E9EC0040961A /* yajl_lex.c in Sources */,
				74474AB919A5E9EC0040961A /* wax_server.m in Sources */,
				74474AAF19A5E9EC0040961A /* ltm.c in Sources */,
				74474A9E19A5E9EC0040961A /* lfunc.c in Sources */,
				74474A8819A5E9EC0040961A /* wax_CGContext.m in Sources */,
				74474AB519A5E9EC0040961A /* wax_class.m in Sources */,
				74474A8B19A5E9EC0040961A /* wax_http_connection.m in Sources */,
				7445F47C19A1D9CE0022808A /* AppDelegate.m in Sources */,
				74474AAA19A5E9EC0040961A /* lstate.c in Sources */,
				74474A8919A5E9EC0040961A /* wax_filesystem.m in Sources */,
				74474ABA19A5E9EC0040961A /* wax_struct.m in Sources */,
				74474AAE19A5E9EC0040961A /* ltablib.c in Sources */,
				74474A9819A5E9EC0040961A /* lbaselib.c in Sources */,
				74474AB319A5E9EC0040961A /* print.c in Sources */,
				74474A9619A5E9EC0040961A /* lapi.c in Sources */,
				74474AB219A5E9EC0040961A /* lzio.c in Sources */,
				7445F4B419A1D9CE0022808A /* main.m in Sources */,
				74474AB719A5E9EC0040961A /* wax_helpers.m in Sources */,
				74474A0E19A5C9F50040961A /* NSString+SWHex.m in Sources */,
				74474AA819A5E9EC0040961A /* loslib.c in Sources */,
				74474AA719A5E9EC0040961A /* lopcodes.c in Sources */,
				74474A9F19A5E9EC0040961A /* lgc.c in Sources */,
				74474A8E19A5E9EC0040961A /* yajl.c in Sources */,
				74474A9219A5E9EC0040961A /* yajl_gen.c in Sources */,
				74474A9719A5E9EC0040961A /* lauxlib.c in Sources */,
				74474A0D19A5C9F50040961A /* NSNumber+SWHex.m in Sources */,
				74474A9019A5E9EC0040961A /* yajl_buf.c in Sources */,
				74474AA019A5E9EC0040961A /* linit.c in Sources */,
				74474AAC19A5E9EC0040961A /* lstrlib.c in Sources */,
				74474AAD19A5E9EC0040961A /* ltable.c in Sources */,
				74474AB619A5E9EC0040961A /* wax_gc.m in Sources */,
				74474AB119A5E9EC0040961A /* lvm.c in Sources */,
				74474A9919A5E9EC0040961A /* lcode.c in Sources */,
				74474AA319A5E9EC0040961A /* lmathlib.c in Sources */,
				74474AA219A5E9EC0040961A /* llex.c in Sources */,
				74474AB419A5E9EC0040961A /* wax.m in Sources */,
				74474AAB19A5E9EC0040961A /* lstring.c in Sources */,
				74474A8D19A5E9EC0040961A /* wax_json.c in Sources */,
				74474A1719A5CAB70040961A /* NSDate+Helper.m in Sources */,
				74474AA119A5E9EC0040961A /* liolib.c in Sources */,
				74474AA519A5E9EC0040961A /* loadlib.c in Sources */,
				74474AA419A5E9EC0040961A /* lmem.c in Sources */,
				74474A9A19A5E9EC0040961A /* ldblib.c in Sources */,
				74474AA619A5E9EC0040961A /* lobject.c in Sources */,
				74474A0C19A5C9F50040961A /* NSData+SWHex.m in Sources */,
				7445F4B619A1D9CE0022808A /* Constant.m in Sources */,
				7445F4B519A1D9CE0022808A /* MainViewController.m in Sources */,
				74474A8F19A5E9EC0040961A /* yajl_alloc.c in Sources */,
				74474A9419A5E9EC0040961A /* yajl_parser.c in Sources */,
				74474A9B19A5E9EC0040961A /* ldebug.c in Sources */,
				74474AA919A5E9EC0040961A /* lparser.c in Sources */,
				74474A8719A5E9EC0040961A /* wax_CGTransform.m in Sources */,
				74474A9119A5E9EC0040961A /* yajl_encode.c in Sources */,
				74474A9C19A5E9EC0040961A /* ldo.c in Sources */,
				74474A8A19A5E9EC0040961A /* wax_http.m in Sources */,
			);
			runOnlyForDeploymentPostprocessing = 0;
		};
/* End PBXSourcesBuildPhase section */

/* Begin PBXVariantGroup section */
		7445F3FB19A1D9CE0022808A /* InfoPlist.strings */ = {
			isa = PBXVariantGroup;
			children = (
				7445F3FC19A1D9CE0022808A /* en */,
			);
			name = InfoPlist.strings;
			sourceTree = "<group>";
		};
/* End PBXVariantGroup section */

/* Begin XCBuildConfiguration section */
		FDEA8A6715CD1EBD0030B539 /* Debug */ = {
			isa = XCBuildConfiguration;
			buildSettings = {
				ALWAYS_SEARCH_USER_PATHS = NO;
				CLANG_ENABLE_OBJC_ARC = YES;
				CLANG_WARN_BOOL_CONVERSION = YES;
				CLANG_WARN_CONSTANT_CONVERSION = YES;
				CLANG_WARN_EMPTY_BODY = YES;
				CLANG_WARN_ENUM_CONVERSION = YES;
				CLANG_WARN_INT_CONVERSION = YES;
				CLANG_WARN__DUPLICATE_METHOD_MATCH = YES;
				"CODE_SIGN_IDENTITY[sdk=iphoneos*]" = "iPhone Developer";
				COPY_PHASE_STRIP = NO;
				GCC_C_LANGUAGE_STANDARD = c99;
				GCC_DYNAMIC_NO_PIC = NO;
				GCC_OPTIMIZATION_LEVEL = 0;
				GCC_PREPROCESSOR_DEFINITIONS = (
					"DEBUG=1",
					"$(inherited)",
				);
				GCC_SYMBOLS_PRIVATE_EXTERN = NO;
				GCC_VERSION = com.apple.compilers.llvm.clang.1_0;
				GCC_WARN_64_TO_32_BIT_CONVERSION = YES;
				GCC_WARN_ABOUT_RETURN_TYPE = YES;
				GCC_WARN_UNDECLARED_SELECTOR = YES;
				GCC_WARN_UNINITIALIZED_AUTOS = YES;
				GCC_WARN_UNUSED_FUNCTION = YES;
				GCC_WARN_UNUSED_VARIABLE = YES;
				IPHONEOS_DEPLOYMENT_TARGET = 5.1;
				ONLY_ACTIVE_ARCH = YES;
				SDKROOT = iphoneos;
			};
			name = Debug;
		};
		FDEA8A6815CD1EBD0030B539 /* Release */ = {
			isa = XCBuildConfiguration;
			buildSettings = {
				ALWAYS_SEARCH_USER_PATHS = NO;
				CLANG_ENABLE_OBJC_ARC = YES;
				CLANG_WARN_BOOL_CONVERSION = YES;
				CLANG_WARN_CONSTANT_CONVERSION = YES;
				CLANG_WARN_EMPTY_BODY = YES;
				CLANG_WARN_ENUM_CONVERSION = YES;
				CLANG_WARN_INT_CONVERSION = YES;
				CLANG_WARN__DUPLICATE_METHOD_MATCH = YES;
				"CODE_SIGN_IDENTITY[sdk=iphoneos*]" = "iPhone Developer";
				COPY_PHASE_STRIP = YES;
				GCC_C_LANGUAGE_STANDARD = c99;
				GCC_VERSION = com.apple.compilers.llvm.clang.1_0;
				GCC_WARN_64_TO_32_BIT_CONVERSION = YES;
				GCC_WARN_ABOUT_RETURN_TYPE = YES;
				GCC_WARN_UNDECLARED_SELECTOR = YES;
				GCC_WARN_UNINITIALIZED_AUTOS = YES;
				GCC_WARN_UNUSED_FUNCTION = YES;
				GCC_WARN_UNUSED_VARIABLE = YES;
				IPHONEOS_DEPLOYMENT_TARGET = 5.1;
				OTHER_CFLAGS = "-DNS_BLOCK_ASSERTIONS=1";
				SDKROOT = iphoneos;
				VALIDATE_PRODUCT = YES;
			};
			name = Release;
		};
		FDEA8A6A15CD1EBD0030B539 /* Debug */ = {
			isa = XCBuildConfiguration;
			baseConfigurationReference = 3F03EE479A794EEB96D693FF /* Pods.xcconfig */;
			buildSettings = {
				ASSETCATALOG_COMPILER_APPICON_NAME = AppIcon;
				ASSETCATALOG_COMPILER_LAUNCHIMAGE_NAME = LaunchImage;
				GCC_PRECOMPILE_PREFIX_HEADER = YES;
				GCC_PREFIX_HEADER = "Workspace/SWWorkspace-Prefix.pch";
				INFOPLIST_FILE = "Workspace/SWWorkspace-Info.plist";
				IPHONEOS_DEPLOYMENT_TARGET = 6.0;
				LIBRARY_SEARCH_PATHS = "$(inherited)";
				PRODUCT_NAME = SWWorkspace;
				WRAPPER_EXTENSION = app;
			};
			name = Debug;
		};
		FDEA8A6B15CD1EBD0030B539 /* Release */ = {
			isa = XCBuildConfiguration;
			baseConfigurationReference = 3F03EE479A794EEB96D693FF /* Pods.xcconfig */;
			buildSettings = {
				ASSETCATALOG_COMPILER_APPICON_NAME = AppIcon;
				ASSETCATALOG_COMPILER_LAUNCHIMAGE_NAME = LaunchImage;
				GCC_PRECOMPILE_PREFIX_HEADER = YES;
				GCC_PREFIX_HEADER = "Workspace/SWWorkspace-Prefix.pch";
				INFOPLIST_FILE = "Workspace/SWWorkspace-Info.plist";
				IPHONEOS_DEPLOYMENT_TARGET = 6.0;
				LIBRARY_SEARCH_PATHS = "$(inherited)";
				PRODUCT_NAME = SWWorkspace;
				WRAPPER_EXTENSION = app;
			};
			name = Release;
		};
/* End XCBuildConfiguration section */

/* Begin XCConfigurationList section */
		FDEA8A4B15CD1EBC0030B539 /* Build configuration list for PBXProject "SWWorkspace" */ = {
			isa = XCConfigurationList;
			buildConfigurations = (
				FDEA8A6715CD1EBD0030B539 /* Debug */,
				FDEA8A6815CD1EBD0030B539 /* Release */,
			);
			defaultConfigurationIsVisible = 0;
			defaultConfigurationName = Release;
		};
		FDEA8A6915CD1EBD0030B539 /* Build configuration list for PBXNativeTarget "SWWorkspace" */ = {
			isa = XCConfigurationList;
			buildConfigurations = (
				FDEA8A6A15CD1EBD0030B539 /* Debug */,
				FDEA8A6B15CD1EBD0030B539 /* Release */,
			);
			defaultConfigurationIsVisible = 0;
			defaultConfigurationName = Release;
		};
/* End XCConfigurationList section */
	};
	rootObject = FDEA8A4815CD1EBC0030B539 /* Project object */;
}
